
Microsoft Visual Studio Solution File, Format Version 12.00
# Visual Studio 15
VisualStudioVersion = 15.0.28307.539
MinimumVisualStudioVersion = 10.0.40219.1
Project("{FAE04EC0-301F-11D3-BF4B-00C04F79EFBC}") = "SagePeopleApiTest", "SagePeopleApiTest\SagePeopleApiTest.csproj", "{8F18ACDC-5B99-498F-BA69-87F591D5AC0B}"
EndProject
Project("{FAE04EC0-301F-11D3-BF4B-00C04F79EFBC}") = "SagePeopleApiTest.Web", "SagePeopleApiTest.Web\SagePeopleApiTest.Web.csproj", "{2D898BF9-A8C9-4C6D-8C5F-9B8AD04E58B6}"
EndProject
Global
	GlobalSection(SolutionConfigurationPlatforms) = preSolution
		Debug|Any CPU = Debug|Any CPU
		Release|Any CPU = Release|Any CPU
	EndGlobalSection
	GlobalSection(ProjectConfigurationPlatforms) = postSolution
		{8F18ACDC-5B99-498F-BA69-87F591D5AC0B}.Debug|Any CPU.ActiveCfg = Debug|Any CPU
		{8F18ACDC-5B99-498F-BA69-87F591D5AC0B}.Debug|Any CPU.Build.0 = Debug|Any CPU
		{8F18ACDC-5B99-498F-BA69-87F591D5AC0B}.Release|Any CPU.ActiveCfg = Release|Any CPU
		{8F18ACDC-5B99-498F-BA69-87F591D5AC0B}.Release|Any CPU.Build.0 = Release|Any CPU
		{2D898BF9-A8C9-4C6D-8C5F-9B8AD04E58B6}.Debug|Any CPU.ActiveCfg = Debug|Any CPU
		{2D898BF9-A8C9-4C6D-8C5F-9B8AD04E58B6}.Debug|Any CPU.Build.0 = Debug|Any CPU
		{2D898BF9-A8C9-4C6D-8C5F-9B8AD04E58B6}.Release|Any CPU.ActiveCfg = Release|Any CPU
		{2D898BF9-A8C9-4C6D-8C5F-9B8AD04E58B6}.Release|Any CPU.Build.0 = Release|Any CPU
	EndGlobalSection
	GlobalSection(SolutionProperties) = preSolution
		HideSolutionNode = FALSE
	EndGlobalSection
	GlobalSection(ExtensibilityGlobals) = postSolution
		SolutionGuid = {CECB19AC-41BC-4DEB-8F90-C5F1A7B4409D}
	EndGlobalSection
EndGlobal
